<<<<<<< HEAD
﻿
Microsoft Visual Studio Solution File, Format Version 12.00
# Visual Studio Version 16
VisualStudioVersion = 16.0.29613.14
MinimumVisualStudioVersion = 10.0.40219.1
Project("{FAE04EC0-301F-11D3-BF4B-00C04F79EFBC}") = "MobileTesting_(13-02-2021)", "MobileTesting_(13-02-2021)\MobileTesting_(13-02-2021).csproj", "{23EB954C-1085-446A-89F7-5342F09BF811}"
EndProject
Global
	GlobalSection(SolutionConfigurationPlatforms) = preSolution
		Debug|Any CPU = Debug|Any CPU
		Release|Any CPU = Release|Any CPU
	EndGlobalSection
	GlobalSection(ProjectConfigurationPlatforms) = postSolution
		{23EB954C-1085-446A-89F7-5342F09BF811}.Debug|Any CPU.ActiveCfg = Debug|Any CPU
		{23EB954C-1085-446A-89F7-5342F09BF811}.Debug|Any CPU.Build.0 = Debug|Any CPU
		{23EB954C-1085-446A-89F7-5342F09BF811}.Release|Any CPU.ActiveCfg = Release|Any CPU
		{23EB954C-1085-446A-89F7-5342F09BF811}.Release|Any CPU.Build.0 = Release|Any CPU
	EndGlobalSection
	GlobalSection(SolutionProperties) = preSolution
		HideSolutionNode = FALSE
	EndGlobalSection
	GlobalSection(ExtensibilityGlobals) = postSolution
		SolutionGuid = {6E929D1E-6C06-4E58-9271-0CAE5DE14C4C}
	EndGlobalSection
EndGlobal
=======
﻿
Microsoft Visual Studio Solution File, Format Version 12.00
# Visual Studio Version 16
VisualStudioVersion = 16.0.29613.14
MinimumVisualStudioVersion = 10.0.40219.1
Project("{FAE04EC0-301F-11D3-BF4B-00C04F79EFBC}") = "MobileTesting_(13-02-2021)", "MobileTesting_(13-02-2021)\MobileTesting_(13-02-2021).csproj", "{23EB954C-1085-446A-89F7-5342F09BF811}"
EndProject
Global
	GlobalSection(SolutionConfigurationPlatforms) = preSolution
		Debug|Any CPU = Debug|Any CPU
		Release|Any CPU = Release|Any CPU
	EndGlobalSection
	GlobalSection(ProjectConfigurationPlatforms) = postSolution
		{23EB954C-1085-446A-89F7-5342F09BF811}.Debug|Any CPU.ActiveCfg = Debug|Any CPU
		{23EB954C-1085-446A-89F7-5342F09BF811}.Debug|Any CPU.Build.0 = Debug|Any CPU
		{23EB954C-1085-446A-89F7-5342F09BF811}.Release|Any CPU.ActiveCfg = Release|Any CPU
		{23EB954C-1085-446A-89F7-5342F09BF811}.Release|Any CPU.Build.0 = Release|Any CPU
	EndGlobalSection
	GlobalSection(SolutionProperties) = preSolution
		HideSolutionNode = FALSE
	EndGlobalSection
	GlobalSection(ExtensibilityGlobals) = postSolution
		SolutionGuid = {6E929D1E-6C06-4E58-9271-0CAE5DE14C4C}
	EndGlobalSection
EndGlobal
>>>>>>> master
